
Microsoft Visual Studio Solution File, Format Version 12.00
# Visual Studio 15
VisualStudioVersion = 15.0.28010.2046
MinimumVisualStudioVersion = 10.0.40219.1
Project("{FAE04EC0-301F-11D3-BF4B-00C04F79EFBC}") = "CalcSoft.Api", "CalcSoft.Api\CalcSoft.Api.csproj", "{7303478E-AA2F-4E6C-89B4-5C9903C833E5}"
EndProject
Project("{FAE04EC0-301F-11D3-BF4B-00C04F79EFBC}") = "CalcSoft.Test", "CalcSoft.Test\CalcSoft.Test.csproj", "{EB460854-62EF-4D7D-B70E-283E5AD3EE26}"
EndProject
Global
	GlobalSection(SolutionConfigurationPlatforms) = preSolution
		Debug|Any CPU = Debug|Any CPU
		Release|Any CPU = Release|Any CPU
	EndGlobalSection
	GlobalSection(ProjectConfigurationPlatforms) = postSolution
		{7303478E-AA2F-4E6C-89B4-5C9903C833E5}.Debug|Any CPU.ActiveCfg = Debug|Any CPU
		{7303478E-AA2F-4E6C-89B4-5C9903C833E5}.Debug|Any CPU.Build.0 = Debug|Any CPU
		{7303478E-AA2F-4E6C-89B4-5C9903C833E5}.Release|Any CPU.ActiveCfg = Release|Any CPU
		{7303478E-AA2F-4E6C-89B4-5C9903C833E5}.Release|Any CPU.Build.0 = Release|Any CPU
		{EB460854-62EF-4D7D-B70E-283E5AD3EE26}.Debug|Any CPU.ActiveCfg = Debug|Any CPU
		{EB460854-62EF-4D7D-B70E-283E5AD3EE26}.Debug|Any CPU.Build.0 = Debug|Any CPU
		{EB460854-62EF-4D7D-B70E-283E5AD3EE26}.Release|Any CPU.ActiveCfg = Release|Any CPU
		{EB460854-62EF-4D7D-B70E-283E5AD3EE26}.Release|Any CPU.Build.0 = Release|Any CPU
	EndGlobalSection
	GlobalSection(SolutionProperties) = preSolution
		HideSolutionNode = FALSE
	EndGlobalSection
	GlobalSection(ExtensibilityGlobals) = postSolution
		SolutionGuid = {E1DE957A-7A70-4391-BA0B-2C562977C30B}
	EndGlobalSection
EndGlobal
